
Microsoft Visual Studio Solution File, Format Version 12.00
# Visual Studio Version 17
VisualStudioVersion = 17.10.35027.167
MinimumVisualStudioVersion = 10.0.40219.1
Project("{9A19103F-16F7-4668-BE54-9A1E7A4F7556}") = "CerebellumRestLib", "CerebellumRestLib.csproj", "{02840F7C-AD96-498E-B594-97D442000901}"
EndProject
Global
	GlobalSection(SolutionConfigurationPlatforms) = preSolution
		Debug|Any CPU = Debug|Any CPU
		Release|Any CPU = Release|Any CPU
	EndGlobalSection
	GlobalSection(ProjectConfigurationPlatforms) = postSolution
		{02840F7C-AD96-498E-B594-97D442000901}.Debug|Any CPU.ActiveCfg = Debug|Any CPU
		{02840F7C-AD96-498E-B594-97D442000901}.Debug|Any CPU.Build.0 = Debug|Any CPU
		{02840F7C-AD96-498E-B594-97D442000901}.Release|Any CPU.ActiveCfg = Release|Any CPU
		{02840F7C-AD96-498E-B594-97D442000901}.Release|Any CPU.Build.0 = Release|Any CPU
	EndGlobalSection
	GlobalSection(SolutionProperties) = preSolution
		HideSolutionNode = FALSE
	EndGlobalSection
	GlobalSection(ExtensibilityGlobals) = postSolution
		SolutionGuid = {348E8CC9-4038-4E22-981D-74AF1094DDBC}
	EndGlobalSection
EndGlobal
